// !$*UTF8*$!
{
	archiveVersion = 1;
	classes = {
	};
	objectVersion = 55;
	objects = {

/* Begin PBXBuildFile section */
		951343E427FF60AC00DC6D90 /* AppDelegate.swift in Sources */ = {isa = PBXBuildFile; fileRef = 951343E327FF60AC00DC6D90 /* AppDelegate.swift */; };
		951343E627FF60AC00DC6D90 /* SceneDelegate.swift in Sources */ = {isa = PBXBuildFile; fileRef = 951343E527FF60AC00DC6D90 /* SceneDelegate.swift */; };
		951343E827FF60AC00DC6D90 /* ViewController.swift in Sources */ = {isa = PBXBuildFile; fileRef = 951343E727FF60AC00DC6D90 /* ViewController.swift */; };
		951343ED27FF60BB00DC6D90 /* Assets.xcassets in Resources */ = {isa = PBXBuildFile; fileRef = 951343EC27FF60BB00DC6D90 /* Assets.xcassets */; };
		951343F027FF60BB00DC6D90 /* LaunchScreen.storyboard in Resources */ = {isa = PBXBuildFile; fileRef = 951343EE27FF60BB00DC6D90 /* LaunchScreen.storyboard */; };
		951343FB27FF60BB00DC6D90 /* FutureMindTests.swift in Sources */ = {isa = PBXBuildFile; fileRef = 951343FA27FF60BB00DC6D90 /* FutureMindTests.swift */; };
		9513440527FF60BB00DC6D90 /* FutureMindUITests.swift in Sources */ = {isa = PBXBuildFile; fileRef = 9513440427FF60BB00DC6D90 /* FutureMindUITests.swift */; };
		9513440727FF60BB00DC6D90 /* FutureMindUITestsLaunchTests.swift in Sources */ = {isa = PBXBuildFile; fileRef = 9513440627FF60BB00DC6D90 /* FutureMindUITestsLaunchTests.swift */; };
/* End PBXBuildFile section */

/* Begin PBXContainerItemProxy section */
		951343F727FF60BB00DC6D90 /* PBXContainerItemProxy */ = {
			isa = PBXContainerItemProxy;
			containerPortal = 951343D827FF60AC00DC6D90 /* Project object */;
			proxyType = 1;
			remoteGlobalIDString = 951343DF27FF60AC00DC6D90;
			remoteInfo = FutureMind;
		};
		9513440127FF60BB00DC6D90 /* PBXContainerItemProxy */ = {
			isa = PBXContainerItemProxy;
			containerPortal = 951343D827FF60AC00DC6D90 /* Project object */;
			proxyType = 1;
			remoteGlobalIDString = 951343DF27FF60AC00DC6D90;
			remoteInfo = FutureMind;
		};
/* End PBXContainerItemProxy section */

/* Begin PBXFileReference section */
		951343E027FF60AC00DC6D90 /* FutureMind.app */ = {isa = PBXFileReference; explicitFileType = wrapper.application; includeInIndex = 0; path = FutureMind.app; sourceTree = BUILT_PRODUCTS_DIR; };
		951343E327FF60AC00DC6D90 /* AppDelegate.swift */ = {isa = PBXFileReference; lastKnownFileType = sourcecode.swift; path = AppDelegate.swift; sourceTree = "<group>"; };
		951343E527FF60AC00DC6D90 /* SceneDelegate.swift */ = {isa = PBXFileReference; lastKnownFileType = sourcecode.swift; path = SceneDelegate.swift; sourceTree = "<group>"; };
		951343E727FF60AC00DC6D90 /* ViewController.swift */ = {isa = PBXFileReference; lastKnownFileType = sourcecode.swift; path = ViewController.swift; sourceTree = "<group>"; };
		951343EC27FF60BB00DC6D90 /* Assets.xcassets */ = {isa = PBXFileReference; lastKnownFileType = folder.assetcatalog; path = Assets.xcassets; sourceTree = "<group>"; };
		951343EF27FF60BB00DC6D90 /* Base */ = {isa = PBXFileReference; lastKnownFileType = file.storyboard; name = Base; path = Base.lproj/LaunchScreen.storyboard; sourceTree = "<group>"; };
		951343F127FF60BB00DC6D90 /* Info.plist */ = {isa = PBXFileReference; lastKnownFileType = text.plist.xml; path = Info.plist; sourceTree = "<group>"; };
		951343F627FF60BB00DC6D90 /* FutureMindTests.xctest */ = {isa = PBXFileReference; explicitFileType = wrapper.cfbundle; includeInIndex = 0; path = FutureMindTests.xctest; sourceTree = BUILT_PRODUCTS_DIR; };
		951343FA27FF60BB00DC6D90 /* FutureMindTests.swift */ = {isa = PBXFileReference; lastKnownFileType = sourcecode.swift; path = FutureMindTests.swift; sourceTree = "<group>"; };
		9513440027FF60BB00DC6D90 /* FutureMindUITests.xctest */ = {isa = PBXFileReference; explicitFileType = wrapper.cfbundle; includeInIndex = 0; path = FutureMindUITests.xctest; sourceTree = BUILT_PRODUCTS_DIR; };
		9513440427FF60BB00DC6D90 /* FutureMindUITests.swift */ = {isa = PBXFileReference; lastKnownFileType = sourcecode.swift; path = FutureMindUITests.swift; sourceTree = "<group>"; };
		9513440627FF60BB00DC6D90 /* FutureMindUITestsLaunchTests.swift */ = {isa = PBXFileReference; lastKnownFileType = sourcecode.swift; path = FutureMindUITestsLaunchTests.swift; sourceTree = "<group>"; };
/* End PBXFileReference section */

/* Begin PBXFrameworksBuildPhase section */
		951343DD27FF60AC00DC6D90 /* Frameworks */ = {
			isa = PBXFrameworksBuildPhase;
			buildActionMask = 2147483647;
			files = (
			);
			runOnlyForDeploymentPostprocessing = 0;
		};
		951343F327FF60BB00DC6D90 /* Frameworks */ = {
			isa = PBXFrameworksBuildPhase;
			buildActionMask = 2147483647;
			files = (
			);
			runOnlyForDeploymentPostprocessing = 0;
		};
		951343FD27FF60BB00DC6D90 /* Frameworks */ = {
			isa = PBXFrameworksBuildPhase;
			buildActionMask = 2147483647;
			files = (
			);
			runOnlyForDeploymentPostprocessing = 0;
		};
/* End PBXFrameworksBuildPhase section */

/* Begin PBXGroup section */
		951343D727FF60AC00DC6D90 = {
			isa = PBXGroup;
			children = (
				951343E227FF60AC00DC6D90 /* FutureMind */,
				951343F927FF60BB00DC6D90 /* FutureMindTests */,
				9513440327FF60BB00DC6D90 /* FutureMindUITests */,
				951343E127FF60AC00DC6D90 /* Products */,
			);
			sourceTree = "<group>";
		};
		951343E127FF60AC00DC6D90 /* Products */ = {
			isa = PBXGroup;
			children = (
				951343E027FF60AC00DC6D90 /* FutureMind.app */,
				951343F627FF60BB00DC6D90 /* FutureMindTests.xctest */,
				9513440027FF60BB00DC6D90 /* FutureMindUITests.xctest */,
			);
			name = Products;
			sourceTree = "<group>";
		};
		951343E227FF60AC00DC6D90 /* FutureMind */ = {
			isa = PBXGroup;
			children = (
				951343E327FF60AC00DC6D90 /* AppDelegate.swift */,
				951343E527FF60AC00DC6D90 /* SceneDelegate.swift */,
				951343E727FF60AC00DC6D90 /* ViewController.swift */,
				951343EC27FF60BB00DC6D90 /* Assets.xcassets */,
				951343EE27FF60BB00DC6D90 /* LaunchScreen.storyboard */,
				951343F127FF60BB00DC6D90 /* Info.plist */,
			);
			path = FutureMind;
			sourceTree = "<group>";
		};
		951343F927FF60BB00DC6D90 /* FutureMindTests */ = {
			isa = PBXGroup;
			children = (
				951343FA27FF60BB00DC6D90 /* FutureMindTests.swift */,
			);
			path = FutureMindTests;
			sourceTree = "<group>";
		};
		9513440327FF60BB00DC6D90 /* FutureMindUITests */ = {
			isa = PBXGroup;
			children = (
				9513440427FF60BB00DC6D90 /* FutureMindUITests.swift */,
				9513440627FF60BB00DC6D90 /* FutureMindUITestsLaunchTests.swift */,
			);
			path = FutureMindUITests;
			sourceTree = "<group>";
		};
/* End PBXGroup section */

/* Begin PBXNativeTarget section */
		951343DF27FF60AC00DC6D90 /* FutureMind */ = {
			isa = PBXNativeTarget;
			buildConfigurationList = 9513440A27FF60BB00DC6D90 /* Build configuration list for PBXNativeTarget "FutureMind" */;
			buildPhases = (
				951343DC27FF60AC00DC6D90 /* Sources */,
				951343DD27FF60AC00DC6D90 /* Frameworks */,
				951343DE27FF60AC00DC6D90 /* Resources */,
			);
			buildRules = (
			);
			dependencies = (
			);
			name = FutureMind;
			productName = FutureMind;
			productReference = 951343E027FF60AC00DC6D90 /* FutureMind.app */;
			productType = "com.apple.product-type.application";
		};
		951343F527FF60BB00DC6D90 /* FutureMindTests */ = {
			isa = PBXNativeTarget;
			buildConfigurationList = 9513440D27FF60BB00DC6D90 /* Build configuration list for PBXNativeTarget "FutureMindTests" */;
			buildPhases = (
				951343F227FF60BB00DC6D90 /* Sources */,
				951343F327FF60BB00DC6D90 /* Frameworks */,
				951343F427FF60BB00DC6D90 /* Resources */,
			);
			buildRules = (
			);
			dependencies = (
				951343F827FF60BB00DC6D90 /* PBXTargetDependency */,
			);
			name = FutureMindTests;
			productName = FutureMindTests;
			productReference = 951343F627FF60BB00DC6D90 /* FutureMindTests.xctest */;
			productType = "com.apple.product-type.bundle.unit-test";
		};
		951343FF27FF60BB00DC6D90 /* FutureMindUITests */ = {
			isa = PBXNativeTarget;
			buildConfigurationList = 9513441027FF60BB00DC6D90 /* Build configuration list for PBXNativeTarget "FutureMindUITests" */;
			buildPhases = (
				951343FC27FF60BB00DC6D90 /* Sources */,
				951343FD27FF60BB00DC6D90 /* Frameworks */,
				951343FE27FF60BB00DC6D90 /* Resources */,
			);
			buildRules = (
			);
			dependencies = (
				9513440227FF60BB00DC6D90 /* PBXTargetDependency */,
			);
			name = FutureMindUITests;
			productName = FutureMindUITests;
			productReference = 9513440027FF60BB00DC6D90 /* FutureMindUITests.xctest */;
			productType = "com.apple.product-type.bundle.ui-testing";
		};
/* End PBXNativeTarget section */

/* Begin PBXProject section */
		951343D827FF60AC00DC6D90 /* Project object */ = {
			isa = PBXProject;
			attributes = {
				BuildIndependentTargetsInParallel = 1;
				LastSwiftUpdateCheck = 1320;
				LastUpgradeCheck = 1320;
				TargetAttributes = {
					951343DF27FF60AC00DC6D90 = {
						CreatedOnToolsVersion = 13.2.1;
					};
					951343F527FF60BB00DC6D90 = {
						CreatedOnToolsVersion = 13.2.1;
						TestTargetID = 951343DF27FF60AC00DC6D90;
					};
					951343FF27FF60BB00DC6D90 = {
						CreatedOnToolsVersion = 13.2.1;
						TestTargetID = 951343DF27FF60AC00DC6D90;
					};
				};
			};
			buildConfigurationList = 951343DB27FF60AC00DC6D90 /* Build configuration list for PBXProject "FutureMind" */;
			compatibilityVersion = "Xcode 13.0";
			developmentRegion = en;
			hasScannedForEncodings = 0;
			knownRegions = (
				en,
				Base,
			);
			mainGroup = 951343D727FF60AC00DC6D90;
			productRefGroup = 951343E127FF60AC00DC6D90 /* Products */;
			projectDirPath = "";
			projectRoot = "";
			targets = (
				951343DF27FF60AC00DC6D90 /* FutureMind */,
				951343F527FF60BB00DC6D90 /* FutureMindTests */,
				951343FF27FF60BB00DC6D90 /* FutureMindUITests */,
			);
		};
/* End PBXProject section */

/* Begin PBXResourcesBuildPhase section */
		951343DE27FF60AC00DC6D90 /* Resources */ = {
			isa = PBXResourcesBuildPhase;
			buildActionMask = 2147483647;
			files = (
				951343F027FF60BB00DC6D90 /* LaunchScreen.storyboard in Resources */,
				951343ED27FF60BB00DC6D90 /* Assets.xcassets in Resources */,
			);
			runOnlyForDeploymentPostprocessing = 0;
		};
		951343F427FF60BB00DC6D90 /* Resources */ = {
			isa = PBXResourcesBuildPhase;
			buildActionMask = 2147483647;
			files = (
			);
			runOnlyForDeploymentPostprocessing = 0;
		};
		951343FE27FF60BB00DC6D90 /* Resources */ = {
			isa = PBXResourcesBuildPhase;
			buildActionMask = 2147483647;
			files = (
			);
			runOnlyForDeploymentPostprocessing = 0;
		};
/* End PBXResourcesBuildPhase section */

/* Begin PBXSourcesBuildPhase section */
		951343DC27FF60AC00DC6D90 /* Sources */ = {
			isa = PBXSourcesBuildPhase;
			buildActionMask = 2147483647;
			files = (
				951343E827FF60AC00DC6D90 /* ViewController.swift in Sources */,
				951343E427FF60AC00DC6D90 /* AppDelegate.swift in Sources */,
				951343E627FF60AC00DC6D90 /* SceneDelegate.swift in Sources */,
			);
			runOnlyForDeploymentPostprocessing = 0;
		};
		951343F227FF60BB00DC6D90 /* Sources */ = {
			isa = PBXSourcesBuildPhase;
			buildActionMask = 2147483647;
			files = (
				951343FB27FF60BB00DC6D90 /* FutureMindTests.swift in Sources */,
			);
			runOnlyForDeploymentPostprocessing = 0;
		};
		951343FC27FF60BB00DC6D90 /* Sources */ = {
			isa = PBXSourcesBuildPhase;
			buildActionMask = 2147483647;
			files = (
				9513440527FF60BB00DC6D90 /* FutureMindUITests.swift in Sources */,
				9513440727FF60BB00DC6D90 /* FutureMindUITestsLaunchTests.swift in Sources */,
			);
			runOnlyForDeploymentPostprocessing = 0;
		};
/* End PBXSourcesBuildPhase section */

/* Begin PBXTargetDependency section */
		951343F827FF60BB00DC6D90 /* PBXTargetDependency */ = {
			isa = PBXTargetDependency;
			target = 951343DF27FF60AC00DC6D90 /* FutureMind */;
			targetProxy = 951343F727FF60BB00DC6D90 /* PBXContainerItemProxy */;
		};
		9513440227FF60BB00DC6D90 /* PBXTargetDependency */ = {
			isa = PBXTargetDependency;
			target = 951343DF27FF60AC00DC6D90 /* FutureMind */;
			targetProxy = 9513440127FF60BB00DC6D90 /* PBXContainerItemProxy */;
		};
/* End PBXTargetDependency section */

/* Begin PBXVariantGroup section */
		951343EE27FF60BB00DC6D90 /* LaunchScreen.storyboard */ = {
			isa = PBXVariantGroup;
			children = (
				951343EF27FF60BB00DC6D90 /* Base */,
			);
			name = LaunchScreen.storyboard;
			sourceTree = "<group>";
		};
/* End PBXVariantGroup section */

/* Begin XCBuildConfiguration section */
		9513440827FF60BB00DC6D90 /* Debug */ = {
			isa = XCBuildConfiguration;
			buildSettings = {
				ALWAYS_SEARCH_USER_PATHS = NO;
				CLANG_ANALYZER_NONNULL = YES;
				CLANG_ANALYZER_NUMBER_OBJECT_CONVERSION = YES_AGGRESSIVE;
				CLANG_CXX_LANGUAGE_STANDARD = "gnu++17";
				CLANG_CXX_LIBRARY = "libc++";
				CLANG_ENABLE_MODULES = YES;
				CLANG_ENABLE_OBJC_ARC = YES;
				CLANG_ENABLE_OBJC_WEAK = YES;
				CLANG_WARN_BLOCK_CAPTURE_AUTORELEASING = YES;
				CLANG_WARN_BOOL_CONVERSION = YES;
				CLANG_WARN_COMMA = YES;
				CLANG_WARN_CONSTANT_CONVERSION = YES;
				CLANG_WARN_DEPRECATED_OBJC_IMPLEMENTATIONS = YES;
				CLANG_WARN_DIRECT_OBJC_ISA_USAGE = YES_ERROR;
				CLANG_WARN_DOCUMENTATION_COMMENTS = YES;
				CLANG_WARN_EMPTY_BODY = YES;
				CLANG_WARN_ENUM_CONVERSION = YES;
				CLANG_WARN_INFINITE_RECURSION = YES;
				CLANG_WARN_INT_CONVERSION = YES;
				CLANG_WARN_NON_LITERAL_NULL_CONVERSION = YES;
				CLANG_WARN_OBJC_IMPLICIT_RETAIN_SELF = YES;
				CLANG_WARN_OBJC_LITERAL_CONVERSION = YES;
				CLANG_WARN_OBJC_ROOT_CLASS = YES_ERROR;
				CLANG_WARN_QUOTED_INCLUDE_IN_FRAMEWORK_HEADER = YES;
				CLANG_WARN_RANGE_LOOP_ANALYSIS = YES;
				CLANG_WARN_STRICT_PROTOTYPES = YES;
				CLANG_WARN_SUSPICIOUS_MOVE = YES;
				CLANG_WARN_UNGUARDED_AVAILABILITY = YES_AGGRESSIVE;
				CLANG_WARN_UNREACHABLE_CODE = YES;
				CLANG_WARN__DUPLICATE_METHOD_MATCH = YES;
				COPY_PHASE_STRIP = NO;
				DEBUG_INFORMATION_FORMAT = dwarf;
				ENABLE_STRICT_OBJC_MSGSEND = YES;
				ENABLE_TESTABILITY = YES;
				GCC_C_LANGUAGE_STANDARD = gnu11;
				GCC_DYNAMIC_NO_PIC = NO;
				GCC_NO_COMMON_BLOCKS = YES;
				GCC_OPTIMIZATION_LEVEL = 0;
				GCC_PREPROCESSOR_DEFINITIONS = (
					"DEBUG=1",
					"$(inherited)",
				);
				GCC_WARN_64_TO_32_BIT_CONVERSION = YES;
				GCC_WARN_ABOUT_RETURN_TYPE = YES_ERROR;
				GCC_WARN_UNDECLARED_SELECTOR = YES;
				GCC_WARN_UNINITIALIZED_AUTOS = YES_AGGRESSIVE;
				GCC_WARN_UNUSED_FUNCTION = YES;
				GCC_WARN_UNUSED_VARIABLE = YES;
				IPHONEOS_DEPLOYMENT_TARGET = 15.2;
				MTL_ENABLE_DEBUG_INFO = INCLUDE_SOURCE;
				MTL_FAST_MATH = YES;
				ONLY_ACTIVE_ARCH = YES;
				SDKROOT = iphoneos;
				SWIFT_ACTIVE_COMPILATION_CONDITIONS = DEBUG;
				SWIFT_OPTIMIZATION_LEVEL = "-Onone";
			};
			name = Debug;
		};
		9513440927FF60BB00DC6D90 /* Release */ = {
			isa = XCBuildConfiguration;
			buildSettings = {
				ALWAYS_SEARCH_USER_PATHS = NO;
				CLANG_ANALYZER_NONNULL = YES;
				CLANG_ANALYZER_NUMBER_OBJECT_CONVERSION = YES_AGGRESSIVE;
				CLANG_CXX_LANGUAGE_STANDARD = "gnu++17";
				CLANG_CXX_LIBRARY = "libc++";
				CLANG_ENABLE_MODULES = YES;
				CLANG_ENABLE_OBJC_ARC = YES;
				CLANG_ENABLE_OBJC_WEAK = YES;
				CLANG_WARN_BLOCK_CAPTURE_AUTORELEASING = YES;
				CLANG_WARN_BOOL_CONVERSION = YES;
				CLANG_WARN_COMMA = YES;
				CLANG_WARN_CONSTANT_CONVERSION = YES;
				CLANG_WARN_DEPRECATED_OBJC_IMPLEMENTATIONS = YES;
				CLANG_WARN_DIRECT_OBJC_ISA_USAGE = YES_ERROR;
				CLANG_WARN_DOCUMENTATION_COMMENTS = YES;
				CLANG_WARN_EMPTY_BODY = YES;
				CLANG_WARN_ENUM_CONVERSION = YES;
				CLANG_WARN_INFINITE_RECURSION = YES;
				CLANG_WARN_INT_CONVERSION = YES;
				CLANG_WARN_NON_LITERAL_NULL_CONVERSION = YES;
				CLANG_WARN_OBJC_IMPLICIT_RETAIN_SELF = YES;
				CLANG_WARN_OBJC_LITERAL_CONVERSION = YES;
				CLANG_WARN_OBJC_ROOT_CLASS = YES_ERROR;
				CLANG_WARN_QUOTED_INCLUDE_IN_FRAMEWORK_HEADER = YES;
				CLANG_WARN_RANGE_LOOP_ANALYSIS = YES;
				CLANG_WARN_STRICT_PROTOTYPES = YES;
				CLANG_WARN_SUSPICIOUS_MOVE = YES;
				CLANG_WARN_UNGUARDED_AVAILABILITY = YES_AGGRESSIVE;
				CLANG_WARN_UNREACHABLE_CODE = YES;
				CLANG_WARN__DUPLICATE_METHOD_MATCH = YES;
				COPY_PHASE_STRIP = NO;
				DEBUG_INFORMATION_FORMAT = "dwarf-with-dsym";
				ENABLE_NS_ASSERTIONS = NO;
				ENABLE_STRICT_OBJC_MSGSEND = YES;
				GCC_C_LANGUAGE_STANDARD = gnu11;
				GCC_NO_COMMON_BLOCKS = YES;
				GCC_WARN_64_TO_32_BIT_CONVERSION = YES;
				GCC_WARN_ABOUT_RETURN_TYPE = YES_ERROR;
				GCC_WARN_UNDECLARED_SELECTOR = YES;
				GCC_WARN_UNINITIALIZED_AUTOS = YES_AGGRESSIVE;
				GCC_WARN_UNUSED_FUNCTION = YES;
				GCC_WARN_UNUSED_VARIABLE = YES;
				IPHONEOS_DEPLOYMENT_TARGET = 15.2;
				MTL_ENABLE_DEBUG_INFO = NO;
				MTL_FAST_MATH = YES;
				SDKROOT = iphoneos;
				SWIFT_COMPILATION_MODE = wholemodule;
				SWIFT_OPTIMIZATION_LEVEL = "-O";
				VALIDATE_PRODUCT = YES;
			};
			name = Release;
		};
		9513440B27FF60BB00DC6D90 /* Debug */ = {
			isa = XCBuildConfiguration;
			buildSettings = {
				ASSETCATALOG_COMPILER_APPICON_NAME = AppIcon;
				ASSETCATALOG_COMPILER_GLOBAL_ACCENT_COLOR_NAME = AccentColor;
				CODE_SIGN_STYLE = Automatic;
				CURRENT_PROJECT_VERSION = 1;
				DEVELOPMENT_TEAM = 74925668M8;
				GENERATE_INFOPLIST_FILE = YES;
				INFOPLIST_FILE = FutureMind/Info.plist;
				INFOPLIST_KEY_UIApplicationSupportsIndirectInputEvents = YES;
				INFOPLIST_KEY_UILaunchStoryboardName = LaunchScreen;
				INFOPLIST_KEY_UISupportedInterfaceOrientations_iPad = "UIInterfaceOrientationPortrait UIInterfaceOrientationPortraitUpsideDown UIInterfaceOrientationLandscapeLeft UIInterfaceOrientationLandscapeRight";
				INFOPLIST_KEY_UISupportedInterfaceOrientations_iPhone = "UIInterfaceOrientationPortrait UIInterfaceOrientationLandscapeLeft UIInterfaceOrientationLandscapeRight";
				LD_RUNPATH_SEARCH_PATHS = (
					"$(inherited)",
					"@executable_path/Frameworks",
				);
				MARKETING_VERSION = 1.0;
				PRODUCT_BUNDLE_IDENTIFIER = com.lemonDev.FutureMind;
				PRODUCT_NAME = "$(TARGET_NAME)";
				SWIFT_EMIT_LOC_STRINGS = YES;
				SWIFT_VERSION = 5.0;
				TARGETED_DEVICE_FAMILY = "1,2";
			};
			name = Debug;
		};
		9513440C27FF60BB00DC6D90 /* Release */ = {
			isa = XCBuildConfiguration;
			buildSettings = {
				ASSETCATALOG_COMPILER_APPICON_NAME = AppIcon;
				ASSETCATALOG_COMPILER_GLOBAL_ACCENT_COLOR_NAME = AccentColor;
				CODE_SIGN_STYLE = Automatic;
				CURRENT_PROJECT_VERSION = 1;
				DEVELOPMENT_TEAM = 74925668M8;
				GENERATE_INFOPLIST_FILE = YES;
				INFOPLIST_FILE = FutureMind/Info.plist;
				INFOPLIST_KEY_UIApplicationSupportsIndirectInputEvents = YES;
				INFOPLIST_KEY_UILaunchStoryboardName = LaunchScreen;
				INFOPLIST_KEY_UISupportedInterfaceOrientations_iPad = "UIInterfaceOrientationPortrait UIInterfaceOrientationPortraitUpsideDown UIInterfaceOrientationLandscapeLeft UIInterfaceOrientationLandscapeRight";
				INFOPLIST_KEY_UISupportedInterfaceOrientations_iPhone = "UIInterfaceOrientationPortrait UIInterfaceOrientationLandscapeLeft UIInterfaceOrientationLandscapeRight";
				LD_RUNPATH_SEARCH_PATHS = (
					"$(inherited)",
					"@executable_path/Frameworks",
				);
				MARKETING_VERSION = 1.0;
				PRODUCT_BUNDLE_IDENTIFIER = com.lemonDev.FutureMind;
				PRODUCT_NAME = "$(TARGET_NAME)";
				SWIFT_EMIT_LOC_STRINGS = YES;
				SWIFT_VERSION = 5.0;
				TARGETED_DEVICE_FAMILY = "1,2";
			};
			name = Release;
		};
		9513440E27FF60BB00DC6D90 /* Debug */ = {
			isa = XCBuildConfiguration;
			buildSettings = {
				ALWAYS_EMBED_SWIFT_STANDARD_LIBRARIES = YES;
				BUNDLE_LOADER = "$(TEST_HOST)";
				CODE_SIGN_STYLE = Automatic;
				CURRENT_PROJECT_VERSION = 1;
				DEVELOPMENT_TEAM = 74925668M8;
				GENERATE_INFOPLIST_FILE = YES;
				IPHONEOS_DEPLOYMENT_TARGET = 15.2;
				MARKETING_VERSION = 1.0;
				PRODUCT_BUNDLE_IDENTIFIER = com.lemonDev.FutureMindTests;
				PRODUCT_NAME = "$(TARGET_NAME)";
				SWIFT_EMIT_LOC_STRINGS = NO;
				SWIFT_VERSION = 5.0;
				TARGETED_DEVICE_FAMILY = "1,2";
				TEST_HOST = "$(BUILT_PRODUCTS_DIR)/FutureMind.app/FutureMind";
			};
			name = Debug;
		};
		9513440F27FF60BB00DC6D90 /* Release */ = {
			isa = XCBuildConfiguration;
			buildSettings = {
				ALWAYS_EMBED_SWIFT_STANDARD_LIBRARIES = YES;
				BUNDLE_LOADER = "$(TEST_HOST)";
				CODE_SIGN_STYLE = Automatic;
				CURRENT_PROJECT_VERSION = 1;
				DEVELOPMENT_TEAM = 74925668M8;
				GENERATE_INFOPLIST_FILE = YES;
				IPHONEOS_DEPLOYMENT_TARGET = 15.2;
				MARKETING_VERSION = 1.0;
				PRODUCT_BUNDLE_IDENTIFIER = com.lemonDev.FutureMindTests;
				PRODUCT_NAME = "$(TARGET_NAME)";
				SWIFT_EMIT_LOC_STRINGS = NO;
				SWIFT_VERSION = 5.0;
				TARGETED_DEVICE_FAMILY = "1,2";
				TEST_HOST = "$(BUILT_PRODUCTS_DIR)/FutureMind.app/FutureMind";
			};
			name = Release;
		};
		9513441127FF60BB00DC6D90 /* Debug */ = {
			isa = XCBuildConfiguration;
			buildSettings = {
				ALWAYS_EMBED_SWIFT_STANDARD_LIBRARIES = YES;
				CODE_SIGN_STYLE = Automatic;
				CURRENT_PROJECT_VERSION = 1;
				DEVELOPMENT_TEAM = 74925668M8;
				GENERATE_INFOPLIST_FILE = YES;
				MARKETING_VERSION = 1.0;
				PRODUCT_BUNDLE_IDENTIFIER = com.lemonDev.FutureMindUITests;
				PRODUCT_NAME = "$(TARGET_NAME)";
				SWIFT_EMIT_LOC_STRINGS = NO;
				SWIFT_VERSION = 5.0;
				TARGETED_DEVICE_FAMILY = "1,2";
				TEST_TARGET_NAME = FutureMind;
			};
			name = Debug;
		};
		9513441227FF60BB00DC6D90 /* Release */ = {
			isa = XCBuildConfiguration;
			buildSettings = {
				ALWAYS_EMBED_SWIFT_STANDARD_LIBRARIES = YES;
				CODE_SIGN_STYLE = Automatic;
				CURRENT_PROJECT_VERSION = 1;
				DEVELOPMENT_TEAM = 74925668M8;
				GENERATE_INFOPLIST_FILE = YES;
				MARKETING_VERSION = 1.0;
				PRODUCT_BUNDLE_IDENTIFIER = com.lemonDev.FutureMindUITests;
				PRODUCT_NAME = "$(TARGET_NAME)";
				SWIFT_EMIT_LOC_STRINGS = NO;
				SWIFT_VERSION = 5.0;
				TARGETED_DEVICE_FAMILY = "1,2";
				TEST_TARGET_NAME = FutureMind;
			};
			name = Release;
		};
/* End XCBuildConfiguration section */

/* Begin XCConfigurationList section */
		951343DB27FF60AC00DC6D90 /* Build configuration list for PBXProject "FutureMind" */ = {
			isa = XCConfigurationList;
			buildConfigurations = (
				9513440827FF60BB00DC6D90 /* Debug */,
				9513440927FF60BB00DC6D90 /* Release */,
			);
			defaultConfigurationIsVisible = 0;
			defaultConfigurationName = Release;
		};
		9513440A27FF60BB00DC6D90 /* Build configuration list for PBXNativeTarget "FutureMind" */ = {
			isa = XCConfigurationList;
			buildConfigurations = (
				9513440B27FF60BB00DC6D90 /* Debug */,
				9513440C27FF60BB00DC6D90 /* Release */,
			);
			defaultConfigurationIsVisible = 0;
			defaultConfigurationName = Release;
		};
		9513440D27FF60BB00DC6D90 /* Build configuration list for PBXNativeTarget "FutureMindTests" */ = {
			isa = XCConfigurationList;
			buildConfigurations = (
				9513440E27FF60BB00DC6D90 /* Debug */,
				9513440F27FF60BB00DC6D90 /* Release */,
			);
			defaultConfigurationIsVisible = 0;
			defaultConfigurationName = Release;
		};
		9513441027FF60BB00DC6D90 /* Build configuration list for PBXNativeTarget "FutureMindUITests" */ = {
			isa = XCConfigurationList;
			buildConfigurations = (
				9513441127FF60BB00DC6D90 /* Debug */,
				9513441227FF60BB00DC6D90 /* Release */,
			);
			defaultConfigurationIsVisible = 0;
			defaultConfigurationName = Release;
		};
/* End XCConfigurationList section */
	};
	rootObject = 951343D827FF60AC00DC6D90 /* Project object */;
}
